github.com/stephen-fox/user32util v0.3.1 h1:QXaR64G8e6lRjyhvTZV6dyDapTuG/g78JlLGCkRMkxg=
github.com/stephen-fox/user32util v0.3.1/go.mod h1:F5atFcQh+BH0YHU96Y6L2lMVCBiCTNsUYfYliyJ1JXg=
golang.org/x/sys v0.0.0-20190530182044-ad28b68e88f1/go.mod h1:h1NjWce9XRLGQEsW7wpKNCjG9DtNlClVuFLEZdDNbEs=
golang.org/x/sys v0.1.0 h1:kunALQeHf1/185U1i0GOB/fy1IPRDDpuoOOqRReG57U=
golang.org/x/sys v0.1.0/go.mod h1:oPkhp1MJrh7nUepCBck5+mAzfO9JrbApNNgaTdGDITg=
